
Microsoft Visual Studio Solution File, Format Version 12.00
# Visual Studio 15
VisualStudioVersion = 15.0.28307.705
MinimumVisualStudioVersion = 10.0.40219.1
Project("{FAE04EC0-301F-11D3-BF4B-00C04F79EFBC}") = "ZDLoanCalculator.Api", "ZDLoanCalculator.Api\ZDLoanCalculator.Api.csproj", "{12E503DD-82F1-4F79-A814-6902E7D64EAC}"
EndProject
Project("{FAE04EC0-301F-11D3-BF4B-00C04F79EFBC}") = "ZDLoanCalculator.Core", "ZDLoanCalculator.Core\ZDLoanCalculator.Core.csproj", "{E71AA75F-9A14-4784-9BF5-CF2EE126AE58}"
EndProject
Project("{FAE04EC0-301F-11D3-BF4B-00C04F79EFBC}") = "ZDLoanCalculator.Test", "ZDLoanCalculator.Test\ZDLoanCalculator.Test.csproj", "{49938CBB-67C9-403F-ACC3-6CC7C30D1F53}"
EndProject
Project("{FAE04EC0-301F-11D3-BF4B-00C04F79EFBC}") = "ZDLoanCalculator.IntegrationTest", "ZDLoanCalculator.IntegrationTest\ZDLoanCalculator.IntegrationTest.csproj", "{1F705F66-7948-4551-BC09-B74E3B43597D}"
EndProject
Project("{FAE04EC0-301F-11D3-BF4B-00C04F79EFBC}") = "ZDLoanCalculator.Web", "ZDLoanCalculator.Web\ZDLoanCalculator.Web.csproj", "{1D80E52C-0E55-4741-B9C9-D94014BEA256}"
EndProject
Global
	GlobalSection(SolutionConfigurationPlatforms) = preSolution
		Debug|Any CPU = Debug|Any CPU
		Release|Any CPU = Release|Any CPU
	EndGlobalSection
	GlobalSection(ProjectConfigurationPlatforms) = postSolution
		{12E503DD-82F1-4F79-A814-6902E7D64EAC}.Debug|Any CPU.ActiveCfg = Debug|Any CPU
		{12E503DD-82F1-4F79-A814-6902E7D64EAC}.Debug|Any CPU.Build.0 = Debug|Any CPU
		{12E503DD-82F1-4F79-A814-6902E7D64EAC}.Release|Any CPU.ActiveCfg = Release|Any CPU
		{12E503DD-82F1-4F79-A814-6902E7D64EAC}.Release|Any CPU.Build.0 = Release|Any CPU
		{E71AA75F-9A14-4784-9BF5-CF2EE126AE58}.Debug|Any CPU.ActiveCfg = Debug|Any CPU
		{E71AA75F-9A14-4784-9BF5-CF2EE126AE58}.Debug|Any CPU.Build.0 = Debug|Any CPU
		{E71AA75F-9A14-4784-9BF5-CF2EE126AE58}.Release|Any CPU.ActiveCfg = Release|Any CPU
		{E71AA75F-9A14-4784-9BF5-CF2EE126AE58}.Release|Any CPU.Build.0 = Release|Any CPU
		{49938CBB-67C9-403F-ACC3-6CC7C30D1F53}.Debug|Any CPU.ActiveCfg = Debug|Any CPU
		{49938CBB-67C9-403F-ACC3-6CC7C30D1F53}.Debug|Any CPU.Build.0 = Debug|Any CPU
		{49938CBB-67C9-403F-ACC3-6CC7C30D1F53}.Release|Any CPU.ActiveCfg = Release|Any CPU
		{49938CBB-67C9-403F-ACC3-6CC7C30D1F53}.Release|Any CPU.Build.0 = Release|Any CPU
		{1F705F66-7948-4551-BC09-B74E3B43597D}.Debug|Any CPU.ActiveCfg = Debug|Any CPU
		{1F705F66-7948-4551-BC09-B74E3B43597D}.Debug|Any CPU.Build.0 = Debug|Any CPU
		{1F705F66-7948-4551-BC09-B74E3B43597D}.Release|Any CPU.ActiveCfg = Release|Any CPU
		{1F705F66-7948-4551-BC09-B74E3B43597D}.Release|Any CPU.Build.0 = Release|Any CPU
		{1D80E52C-0E55-4741-B9C9-D94014BEA256}.Debug|Any CPU.ActiveCfg = Debug|Any CPU
		{1D80E52C-0E55-4741-B9C9-D94014BEA256}.Debug|Any CPU.Build.0 = Debug|Any CPU
		{1D80E52C-0E55-4741-B9C9-D94014BEA256}.Release|Any CPU.ActiveCfg = Release|Any CPU
		{1D80E52C-0E55-4741-B9C9-D94014BEA256}.Release|Any CPU.Build.0 = Release|Any CPU
	EndGlobalSection
	GlobalSection(SolutionProperties) = preSolution
		HideSolutionNode = FALSE
	EndGlobalSection
	GlobalSection(ExtensibilityGlobals) = postSolution
		SolutionGuid = {8E4EDE0A-211E-48EB-8DA1-C412B742D32C}
	EndGlobalSection
EndGlobal
